{
  "name": "normalize.css",
  "version": "1.0.0",
  "lockfileVersion": 2,
  "requires": true,
  "packages": {
    "": {
      "name": "normalize.css",
      "version": "1.0.0",
      "license": "ISC",
      "dependencies": {
        "docslider": "^3.0.1",
        "fullpage.js": "^4.0.20",
        "matter-js": "^0.19.0"
      }
    },
    "node_modules/docslider": {
      "version": "3.0.1",
      "resolved": "https://registry.npmjs.org/docslider/-/docslider-3.0.1.tgz",
      "integrity": "sha512-CJZDnags1bvMblU2BuXEKd6AzThH4Zw0z5nSz4C/BXbaKaWJ/bH5nQwcMpssoxCAc+1Wh2eTPfrm7ZnMgdlrKQ=="
    },
    "node_modules/fullpage.js": {
      "version": "4.0.20",
      "resolved": "https://registry.npmjs.org/fullpage.js/-/fullpage.js-4.0.20.tgz",
      "integrity": "sha512-y72V3oV/pFccPYaxnUosEltQP9tXH340x479oQSS9Yab0L0YpIPNE0PFA68l6XEq5Lhw7IRqyCgVwL+WdjtQdA=="
    },
    "node_modules/matter-js": {
      "version": "0.19.0",
      "resolved": "https://registry.npmjs.org/matter-js/-/matter-js-0.19.0.tgz",
      "integrity": "sha512-v2huwvQGOHTGOkMqtHd2hercCG3f6QAObTisPPHg8TZqq2lz7eIY/5i/5YUV8Ibf3mEioFEmwibcPUF2/fnKKQ=="
    }
  },
  "dependencies": {
    "docslider": {
      "version": "3.0.1",
      "resolved": "https://registry.npmjs.org/docslider/-/docslider-3.0.1.tgz",
      "integrity": "sha512-CJZDnags1bvMblU2BuXEKd6AzThH4Zw0z5nSz4C/BXbaKaWJ/bH5nQwcMpssoxCAc+1Wh2eTPfrm7ZnMgdlrKQ=="
    },
    "fullpage.js": {
      "version": "4.0.20",
      "resolved": "https://registry.npmjs.org/fullpage.js/-/fullpage.js-4.0.20.tgz",
      "integrity": "sha512-y72V3oV/pFccPYaxnUosEltQP9tXH340x479oQSS9Yab0L0YpIPNE0PFA68l6XEq5Lhw7IRqyCgVwL+WdjtQdA=="
    },
    "matter-js": {
      "version": "0.19.0",
      "resolved": "https://registry.npmjs.org/matter-js/-/matter-js-0.19.0.tgz",
      "integrity": "sha512-v2huwvQGOHTGOkMqtHd2hercCG3f6QAObTisPPHg8TZqq2lz7eIY/5i/5YUV8Ibf3mEioFEmwibcPUF2/fnKKQ=="
    }
  }
}
